
Microsoft Visual Studio Solution File, Format Version 12.00
# Visual Studio Version 17
VisualStudioVersion = 17.0.31903.59
MinimumVisualStudioVersion = 10.0.40219.1
Project("{FAE04EC0-301F-11D3-BF4B-00C04F79EFBC}") = "dotnetappms1", "dotnetappms1.csproj", "{60886408-411C-4C7D-8186-866F7BC2F1F1}"
EndProject
Project("{FAE04EC0-301F-11D3-BF4B-00C04F79EFBC}") = "msdotnetapp2", "msdotnetapp2\msdotnetapp2.csproj", "{9DAA6A2A-6C87-4263-9EFF-53AF53278D56}"
EndProject
Project("{FAE04EC0-301F-11D3-BF4B-00C04F79EFBC}") = "TestMicroservice", "TestMicroservice\TestMicroservice.csproj", "{36CEAF8D-E269-4521-974E-1008544D7631}"
EndProject
Global
	GlobalSection(SolutionConfigurationPlatforms) = preSolution
		Debug|Any CPU = Debug|Any CPU
		Release|Any CPU = Release|Any CPU
	EndGlobalSection
	GlobalSection(SolutionProperties) = preSolution
		HideSolutionNode = FALSE
	EndGlobalSection
	GlobalSection(ProjectConfigurationPlatforms) = postSolution
		{60886408-411C-4C7D-8186-866F7BC2F1F1}.Debug|Any CPU.ActiveCfg = Debug|Any CPU
		{60886408-411C-4C7D-8186-866F7BC2F1F1}.Debug|Any CPU.Build.0 = Debug|Any CPU
		{60886408-411C-4C7D-8186-866F7BC2F1F1}.Release|Any CPU.ActiveCfg = Release|Any CPU
		{60886408-411C-4C7D-8186-866F7BC2F1F1}.Release|Any CPU.Build.0 = Release|Any CPU
		{9DAA6A2A-6C87-4263-9EFF-53AF53278D56}.Debug|Any CPU.ActiveCfg = Debug|Any CPU
		{9DAA6A2A-6C87-4263-9EFF-53AF53278D56}.Debug|Any CPU.Build.0 = Debug|Any CPU
		{9DAA6A2A-6C87-4263-9EFF-53AF53278D56}.Release|Any CPU.ActiveCfg = Release|Any CPU
		{9DAA6A2A-6C87-4263-9EFF-53AF53278D56}.Release|Any CPU.Build.0 = Release|Any CPU
		{36CEAF8D-E269-4521-974E-1008544D7631}.Debug|Any CPU.ActiveCfg = Debug|Any CPU
		{36CEAF8D-E269-4521-974E-1008544D7631}.Debug|Any CPU.Build.0 = Debug|Any CPU
		{36CEAF8D-E269-4521-974E-1008544D7631}.Release|Any CPU.ActiveCfg = Release|Any CPU
		{36CEAF8D-E269-4521-974E-1008544D7631}.Release|Any CPU.Build.0 = Release|Any CPU
	EndGlobalSection
EndGlobal
