
Microsoft Visual Studio Solution File, Format Version 12.00
# Visual Studio Version 17
VisualStudioVersion = 17.0.31903.59
MinimumVisualStudioVersion = 10.0.40219.1
Project("{FAE04EC0-301F-11D3-BF4B-00C04F79EFBC}") = "dotnetmsAddCustomer", "dotnetmsAddCustomer\dotnetmsAddCustomer.csproj", "{4622C679-C53C-473F-BC69-122ECAE9E1D0}"
EndProject
Project("{FAE04EC0-301F-11D3-BF4B-00C04F79EFBC}") = "dotnetmsViewCustomer", "dotnetmsViewCustomer\dotnetmsViewCustomer.csproj", "{704D1BCE-DE70-43E6-AAC2-80122D8B1607}"
EndProject
Project("{FAE04EC0-301F-11D3-BF4B-00C04F79EFBC}") = "dotnetwebapiMain", "dotnetwebapiMain\dotnetwebapiMain.csproj", "{04806E97-FD9C-4B65-A286-5E853A841D32}"
EndProject
Project("{FAE04EC0-301F-11D3-BF4B-00C04F79EFBC}") = "TestProject", "TestProject\TestProject.csproj", "{B01DA2DA-B1D4-4A41-8B79-3FCC441A31C1}"
EndProject
Global
	GlobalSection(SolutionConfigurationPlatforms) = preSolution
		Debug|Any CPU = Debug|Any CPU
		Release|Any CPU = Release|Any CPU
	EndGlobalSection
	GlobalSection(SolutionProperties) = preSolution
		HideSolutionNode = FALSE
	EndGlobalSection
	GlobalSection(ProjectConfigurationPlatforms) = postSolution
		{4622C679-C53C-473F-BC69-122ECAE9E1D0}.Debug|Any CPU.ActiveCfg = Debug|Any CPU
		{4622C679-C53C-473F-BC69-122ECAE9E1D0}.Debug|Any CPU.Build.0 = Debug|Any CPU
		{4622C679-C53C-473F-BC69-122ECAE9E1D0}.Release|Any CPU.ActiveCfg = Release|Any CPU
		{4622C679-C53C-473F-BC69-122ECAE9E1D0}.Release|Any CPU.Build.0 = Release|Any CPU
		{704D1BCE-DE70-43E6-AAC2-80122D8B1607}.Debug|Any CPU.ActiveCfg = Debug|Any CPU
		{704D1BCE-DE70-43E6-AAC2-80122D8B1607}.Debug|Any CPU.Build.0 = Debug|Any CPU
		{704D1BCE-DE70-43E6-AAC2-80122D8B1607}.Release|Any CPU.ActiveCfg = Release|Any CPU
		{704D1BCE-DE70-43E6-AAC2-80122D8B1607}.Release|Any CPU.Build.0 = Release|Any CPU
		{04806E97-FD9C-4B65-A286-5E853A841D32}.Debug|Any CPU.ActiveCfg = Debug|Any CPU
		{04806E97-FD9C-4B65-A286-5E853A841D32}.Debug|Any CPU.Build.0 = Debug|Any CPU
		{04806E97-FD9C-4B65-A286-5E853A841D32}.Release|Any CPU.ActiveCfg = Release|Any CPU
		{04806E97-FD9C-4B65-A286-5E853A841D32}.Release|Any CPU.Build.0 = Release|Any CPU
		{B01DA2DA-B1D4-4A41-8B79-3FCC441A31C1}.Debug|Any CPU.ActiveCfg = Debug|Any CPU
		{B01DA2DA-B1D4-4A41-8B79-3FCC441A31C1}.Debug|Any CPU.Build.0 = Debug|Any CPU
		{B01DA2DA-B1D4-4A41-8B79-3FCC441A31C1}.Release|Any CPU.ActiveCfg = Release|Any CPU
		{B01DA2DA-B1D4-4A41-8B79-3FCC441A31C1}.Release|Any CPU.Build.0 = Release|Any CPU
	EndGlobalSection
EndGlobal
